
Microsoft Visual Studio Solution File, Format Version 12.00
# Visual Studio Version 17
VisualStudioVersion = 17.6.33815.320
MinimumVisualStudioVersion = 10.0.40219.1
Project("{FAE04EC0-301F-11D3-BF4B-00C04F79EFBC}") = "enum", "enum\enum.csproj", "{D0A7925C-2F0C-4397-B5DA-3014FF07E0E5}"
EndProject
Global
	GlobalSection(SolutionConfigurationPlatforms) = preSolution
		Debug|Any CPU = Debug|Any CPU
		Release|Any CPU = Release|Any CPU
	EndGlobalSection
	GlobalSection(ProjectConfigurationPlatforms) = postSolution
		{D0A7925C-2F0C-4397-B5DA-3014FF07E0E5}.Debug|Any CPU.ActiveCfg = Debug|Any CPU
		{D0A7925C-2F0C-4397-B5DA-3014FF07E0E5}.Debug|Any CPU.Build.0 = Debug|Any CPU
		{D0A7925C-2F0C-4397-B5DA-3014FF07E0E5}.Release|Any CPU.ActiveCfg = Release|Any CPU
		{D0A7925C-2F0C-4397-B5DA-3014FF07E0E5}.Release|Any CPU.Build.0 = Release|Any CPU
	EndGlobalSection
	GlobalSection(SolutionProperties) = preSolution
		HideSolutionNode = FALSE
	EndGlobalSection
	GlobalSection(ExtensibilityGlobals) = postSolution
		SolutionGuid = {EE2F3F22-B57B-484D-994C-60DD69F167AF}
	EndGlobalSection
EndGlobal
